
Microsoft Visual Studio Solution File, Format Version 12.00
# Visual Studio Version 16
VisualStudioVersion = 16.0.30523.141
MinimumVisualStudioVersion = 10.0.40219.1
Project("{FAE04EC0-301F-11D3-BF4B-00C04F79EFBC}") = "NUnitTestProject1", "NUnitTestProject1\NUnitTestProject1.csproj", "{B9644422-7294-4209-84B5-9A6FDA9345FB}"
EndProject
Global
	GlobalSection(SolutionConfigurationPlatforms) = preSolution
		Debug|Any CPU = Debug|Any CPU
		Release|Any CPU = Release|Any CPU
	EndGlobalSection
	GlobalSection(ProjectConfigurationPlatforms) = postSolution
		{B9644422-7294-4209-84B5-9A6FDA9345FB}.Debug|Any CPU.ActiveCfg = Debug|Any CPU
		{B9644422-7294-4209-84B5-9A6FDA9345FB}.Debug|Any CPU.Build.0 = Debug|Any CPU
		{B9644422-7294-4209-84B5-9A6FDA9345FB}.Release|Any CPU.ActiveCfg = Release|Any CPU
		{B9644422-7294-4209-84B5-9A6FDA9345FB}.Release|Any CPU.Build.0 = Release|Any CPU
	EndGlobalSection
	GlobalSection(SolutionProperties) = preSolution
		HideSolutionNode = FALSE
	EndGlobalSection
	GlobalSection(ExtensibilityGlobals) = postSolution
		SolutionGuid = {89ADB718-56ED-445D-A002-06EBB565B31C}
	EndGlobalSection
EndGlobal
